
Microsoft Visual Studio Solution File, Format Version 12.00
Project("{FAE04EC0-301F-11D3-BF4B-00C04F79EFBC}") = "Api", "Api\Api.csproj", "{F32EF4EF-F8D0-4553-809B-8BAA7F722B40}"
EndProject
Project("{FAE04EC0-301F-11D3-BF4B-00C04F79EFBC}") = "DAL", "DAL\DAL.csproj", "{4F88B6F7-5044-439F-ADAD-2C05CFC28F6F}"
EndProject
Project("{FAE04EC0-301F-11D3-BF4B-00C04F79EFBC}") = "Dependencies", "Dependencies\Dependencies.csproj", "{F06597CA-E944-47FC-8EC6-88CB2DECA0F8}"
EndProject
Project("{FAE04EC0-301F-11D3-BF4B-00C04F79EFBC}") = "Services", "Services\Services.csproj", "{87035D5F-3201-4664-A79A-7B5A9DF4CBDD}"
EndProject
Global
	GlobalSection(SolutionConfigurationPlatforms) = preSolution
		Debug|Any CPU = Debug|Any CPU
		Release|Any CPU = Release|Any CPU
	EndGlobalSection
	GlobalSection(ProjectConfigurationPlatforms) = postSolution
		{F32EF4EF-F8D0-4553-809B-8BAA7F722B40}.Debug|Any CPU.ActiveCfg = Debug|Any CPU
		{F32EF4EF-F8D0-4553-809B-8BAA7F722B40}.Debug|Any CPU.Build.0 = Debug|Any CPU
		{F32EF4EF-F8D0-4553-809B-8BAA7F722B40}.Release|Any CPU.ActiveCfg = Release|Any CPU
		{F32EF4EF-F8D0-4553-809B-8BAA7F722B40}.Release|Any CPU.Build.0 = Release|Any CPU
		{4F88B6F7-5044-439F-ADAD-2C05CFC28F6F}.Debug|Any CPU.ActiveCfg = Debug|Any CPU
		{4F88B6F7-5044-439F-ADAD-2C05CFC28F6F}.Debug|Any CPU.Build.0 = Debug|Any CPU
		{4F88B6F7-5044-439F-ADAD-2C05CFC28F6F}.Release|Any CPU.ActiveCfg = Release|Any CPU
		{4F88B6F7-5044-439F-ADAD-2C05CFC28F6F}.Release|Any CPU.Build.0 = Release|Any CPU
		{F06597CA-E944-47FC-8EC6-88CB2DECA0F8}.Debug|Any CPU.ActiveCfg = Debug|Any CPU
		{F06597CA-E944-47FC-8EC6-88CB2DECA0F8}.Debug|Any CPU.Build.0 = Debug|Any CPU
		{F06597CA-E944-47FC-8EC6-88CB2DECA0F8}.Release|Any CPU.ActiveCfg = Release|Any CPU
		{F06597CA-E944-47FC-8EC6-88CB2DECA0F8}.Release|Any CPU.Build.0 = Release|Any CPU
		{87035D5F-3201-4664-A79A-7B5A9DF4CBDD}.Debug|Any CPU.ActiveCfg = Debug|Any CPU
		{87035D5F-3201-4664-A79A-7B5A9DF4CBDD}.Debug|Any CPU.Build.0 = Debug|Any CPU
		{87035D5F-3201-4664-A79A-7B5A9DF4CBDD}.Release|Any CPU.ActiveCfg = Release|Any CPU
		{87035D5F-3201-4664-A79A-7B5A9DF4CBDD}.Release|Any CPU.Build.0 = Release|Any CPU
	EndGlobalSection
EndGlobal
